
Microsoft Visual Studio Solution File, Format Version 12.00
# Visual Studio Version 17
VisualStudioVersion = 17.5.33424.131
MinimumVisualStudioVersion = 10.0.40219.1
Project("{2150E333-8FDC-42A3-9474-1A3956D46DE8}") = "src", "src", "{999FF32E-E5E8-4FE9-AF17-BD786C8F8B5A}"
EndProject
Project("{2150E333-8FDC-42A3-9474-1A3956D46DE8}") = "Board", "Board", "{4180B58F-AE43-40C4-B16B-C9FA96B015EF}"
EndProject
Project("{2150E333-8FDC-42A3-9474-1A3956D46DE8}") = "Domain", "Domain", "{2D6398D9-1637-4A4B-9165-5886B1CF1F18}"
EndProject
Project("{2150E333-8FDC-42A3-9474-1A3956D46DE8}") = "Infrastructure", "Infrastructure", "{D48CACC5-6DB4-4D39-BB2A-7CE44CE2D840}"
EndProject
Project("{2150E333-8FDC-42A3-9474-1A3956D46DE8}") = "Application", "Application", "{79D08745-753E-4F91-899C-87A4B6E336F1}"
EndProject
Project("{2150E333-8FDC-42A3-9474-1A3956D46DE8}") = "Contracts", "Contracts", "{27EEE50C-5044-4CCF-B9DD-D263219E7BC9}"
EndProject
Project("{2150E333-8FDC-42A3-9474-1A3956D46DE8}") = "Common", "Common", "{80377679-C2E5-476B-966A-9472CACCFB90}"
EndProject
Project("{2150E333-8FDC-42A3-9474-1A3956D46DE8}") = "Host", "Host", "{1F017ABB-2170-40AD-A5A7-18D6A09A556F}"
EndProject
Project("{FAE04EC0-301F-11D3-BF4B-00C04F79EFBC}") = "BoardюApplication.AppData", "..\..\пустой проект\Доска объявления\Доска объявления\src\Board\Application\BoardюApplication.AppData\BoardюApplication.AppData.csproj", "{B049D882-8856-41F8-A04D-EE8EE57D6EAB}"
EndProject
Project("{FAE04EC0-301F-11D3-BF4B-00C04F79EFBC}") = "Board.Contracts", "..\..\пустой проект\Доска объявления\Доска объявления\src\Board\Contracts\Board.Contracts\Board.Contracts.csproj", "{B28287A1-4911-42BC-8060-5C2E36635963}"
EndProject
Project("{FAE04EC0-301F-11D3-BF4B-00C04F79EFBC}") = "Board.Domain", "..\..\пустой проект\Доска объявления\Доска объявления\src\Board\Domain\Board.Domain\Board.Domain.csproj", "{DF499E5C-F753-4788-BAE9-1EF92CF41F6B}"
EndProject
Project("{FAE04EC0-301F-11D3-BF4B-00C04F79EFBC}") = "Board.Infrastructure", "..\..\пустой проект\Доска объявления\Доска объявления\src\Board\Infrastructure\Board.Infrastructure\Board.Infrastructure.csproj", "{3C7711AA-6B68-4CE8-A949-780C6A9FDC46}"
EndProject
Project("{FAE04EC0-301F-11D3-BF4B-00C04F79EFBC}") = "Board.nfrastructure.DataAcces", "..\..\пустой проект\Доска объявления\Доска объявления\src\Board\Infrastructure\Board.nfrastructure.Data Acces\Board.nfrastructure.DataAcces.csproj", "{1B05D652-3663-4DCF-B3F4-7731C7D17A65}"
EndProject
Project("{2150E333-8FDC-42A3-9474-1A3956D46DE8}") = "Context", "Context", "{BDB07FBF-A9B3-4BC1-86DB-E1D4AA75233D}"
EndProject
Project("{2150E333-8FDC-42A3-9474-1A3956D46DE8}") = "Users", "Users", "{0A11B2D8-64EC-49A9-A100-25AEFE20C9AA}"
EndProject
Project("{2150E333-8FDC-42A3-9474-1A3956D46DE8}") = "Repositories", "Repositories", "{7C91BFF2-9F41-4336-9750-34FFFCC67945}"
EndProject
Project("{2150E333-8FDC-42A3-9474-1A3956D46DE8}") = "Usersrs", "Usersrs", "{A3039E1F-7068-4B6B-B6F4-0B6D078EDF1F}"
EndProject
Project("{FAE04EC0-301F-11D3-BF4B-00C04F79EFBC}") = "Board.Host.Api", "..\..\пустой проект\Доска объявления\Доска объявления\src\Board\Host\Board.Host.Api\Board.Host.Api.csproj", "{7B61609E-06D8-4526-A3AE-C1B788E10A8C}"
EndProject
Global
	GlobalSection(SolutionConfigurationPlatforms) = preSolution
		Debug|Any CPU = Debug|Any CPU
		Release|Any CPU = Release|Any CPU
	EndGlobalSection
	GlobalSection(ProjectConfigurationPlatforms) = postSolution
		{B049D882-8856-41F8-A04D-EE8EE57D6EAB}.Debug|Any CPU.ActiveCfg = Debug|Any CPU
		{B049D882-8856-41F8-A04D-EE8EE57D6EAB}.Debug|Any CPU.Build.0 = Debug|Any CPU
		{B049D882-8856-41F8-A04D-EE8EE57D6EAB}.Release|Any CPU.ActiveCfg = Release|Any CPU
		{B049D882-8856-41F8-A04D-EE8EE57D6EAB}.Release|Any CPU.Build.0 = Release|Any CPU
		{B28287A1-4911-42BC-8060-5C2E36635963}.Debug|Any CPU.ActiveCfg = Debug|Any CPU
		{B28287A1-4911-42BC-8060-5C2E36635963}.Debug|Any CPU.Build.0 = Debug|Any CPU
		{B28287A1-4911-42BC-8060-5C2E36635963}.Release|Any CPU.ActiveCfg = Release|Any CPU
		{B28287A1-4911-42BC-8060-5C2E36635963}.Release|Any CPU.Build.0 = Release|Any CPU
		{DF499E5C-F753-4788-BAE9-1EF92CF41F6B}.Debug|Any CPU.ActiveCfg = Debug|Any CPU
		{DF499E5C-F753-4788-BAE9-1EF92CF41F6B}.Debug|Any CPU.Build.0 = Debug|Any CPU
		{DF499E5C-F753-4788-BAE9-1EF92CF41F6B}.Release|Any CPU.ActiveCfg = Release|Any CPU
		{DF499E5C-F753-4788-BAE9-1EF92CF41F6B}.Release|Any CPU.Build.0 = Release|Any CPU
		{3C7711AA-6B68-4CE8-A949-780C6A9FDC46}.Debug|Any CPU.ActiveCfg = Debug|Any CPU
		{3C7711AA-6B68-4CE8-A949-780C6A9FDC46}.Debug|Any CPU.Build.0 = Debug|Any CPU
		{3C7711AA-6B68-4CE8-A949-780C6A9FDC46}.Release|Any CPU.ActiveCfg = Release|Any CPU
		{3C7711AA-6B68-4CE8-A949-780C6A9FDC46}.Release|Any CPU.Build.0 = Release|Any CPU
		{1B05D652-3663-4DCF-B3F4-7731C7D17A65}.Debug|Any CPU.ActiveCfg = Debug|Any CPU
		{1B05D652-3663-4DCF-B3F4-7731C7D17A65}.Debug|Any CPU.Build.0 = Debug|Any CPU
		{1B05D652-3663-4DCF-B3F4-7731C7D17A65}.Release|Any CPU.ActiveCfg = Release|Any CPU
		{1B05D652-3663-4DCF-B3F4-7731C7D17A65}.Release|Any CPU.Build.0 = Release|Any CPU
		{7B61609E-06D8-4526-A3AE-C1B788E10A8C}.Debug|Any CPU.ActiveCfg = Debug|Any CPU
		{7B61609E-06D8-4526-A3AE-C1B788E10A8C}.Debug|Any CPU.Build.0 = Debug|Any CPU
		{7B61609E-06D8-4526-A3AE-C1B788E10A8C}.Release|Any CPU.ActiveCfg = Release|Any CPU
		{7B61609E-06D8-4526-A3AE-C1B788E10A8C}.Release|Any CPU.Build.0 = Release|Any CPU
	EndGlobalSection
	GlobalSection(SolutionProperties) = preSolution
		HideSolutionNode = FALSE
	EndGlobalSection
	GlobalSection(NestedProjects) = preSolution
		{4180B58F-AE43-40C4-B16B-C9FA96B015EF} = {999FF32E-E5E8-4FE9-AF17-BD786C8F8B5A}
		{2D6398D9-1637-4A4B-9165-5886B1CF1F18} = {4180B58F-AE43-40C4-B16B-C9FA96B015EF}
		{D48CACC5-6DB4-4D39-BB2A-7CE44CE2D840} = {4180B58F-AE43-40C4-B16B-C9FA96B015EF}
		{79D08745-753E-4F91-899C-87A4B6E336F1} = {4180B58F-AE43-40C4-B16B-C9FA96B015EF}
		{27EEE50C-5044-4CCF-B9DD-D263219E7BC9} = {4180B58F-AE43-40C4-B16B-C9FA96B015EF}
		{80377679-C2E5-476B-966A-9472CACCFB90} = {999FF32E-E5E8-4FE9-AF17-BD786C8F8B5A}
		{1F017ABB-2170-40AD-A5A7-18D6A09A556F} = {4180B58F-AE43-40C4-B16B-C9FA96B015EF}
		{B049D882-8856-41F8-A04D-EE8EE57D6EAB} = {79D08745-753E-4F91-899C-87A4B6E336F1}
		{B28287A1-4911-42BC-8060-5C2E36635963} = {27EEE50C-5044-4CCF-B9DD-D263219E7BC9}
		{DF499E5C-F753-4788-BAE9-1EF92CF41F6B} = {2D6398D9-1637-4A4B-9165-5886B1CF1F18}
		{3C7711AA-6B68-4CE8-A949-780C6A9FDC46} = {D48CACC5-6DB4-4D39-BB2A-7CE44CE2D840}
		{1B05D652-3663-4DCF-B3F4-7731C7D17A65} = {D48CACC5-6DB4-4D39-BB2A-7CE44CE2D840}
		{BDB07FBF-A9B3-4BC1-86DB-E1D4AA75233D} = {D48CACC5-6DB4-4D39-BB2A-7CE44CE2D840}
		{0A11B2D8-64EC-49A9-A100-25AEFE20C9AA} = {BDB07FBF-A9B3-4BC1-86DB-E1D4AA75233D}
		{7C91BFF2-9F41-4336-9750-34FFFCC67945} = {0A11B2D8-64EC-49A9-A100-25AEFE20C9AA}
		{A3039E1F-7068-4B6B-B6F4-0B6D078EDF1F} = {2D6398D9-1637-4A4B-9165-5886B1CF1F18}
		{7B61609E-06D8-4526-A3AE-C1B788E10A8C} = {1F017ABB-2170-40AD-A5A7-18D6A09A556F}
	EndGlobalSection
	GlobalSection(ExtensibilityGlobals) = postSolution
		SolutionGuid = {4EE64F78-C44D-443E-8D96-F02404C27C15}
	EndGlobalSection
EndGlobal
